
Microsoft Visual Studio Solution File, Format Version 12.00
# Visual Studio Version 16
VisualStudioVersion = 16.0.32802.440
MinimumVisualStudioVersion = 10.0.40219.1
Project("{FAE04EC0-301F-11D3-BF4B-00C04F79EFBC}") = "Simulacao-AccWay", "Novo Semaforo\Simulacao-AccWay.csproj", "{D6B4C0A5-BBA1-44E1-B457-787C62EA2186}"
EndProject
Global
	GlobalSection(SolutionConfigurationPlatforms) = preSolution
		Debug|Any CPU = Debug|Any CPU
		Release|Any CPU = Release|Any CPU
	EndGlobalSection
	GlobalSection(ProjectConfigurationPlatforms) = postSolution
		{D6B4C0A5-BBA1-44E1-B457-787C62EA2186}.Debug|Any CPU.ActiveCfg = Debug|Any CPU
		{D6B4C0A5-BBA1-44E1-B457-787C62EA2186}.Debug|Any CPU.Build.0 = Debug|Any CPU
		{D6B4C0A5-BBA1-44E1-B457-787C62EA2186}.Release|Any CPU.ActiveCfg = Release|Any CPU
		{D6B4C0A5-BBA1-44E1-B457-787C62EA2186}.Release|Any CPU.Build.0 = Release|Any CPU
	EndGlobalSection
	GlobalSection(SolutionProperties) = preSolution
		HideSolutionNode = FALSE
	EndGlobalSection
	GlobalSection(ExtensibilityGlobals) = postSolution
		SolutionGuid = {50E8A2EF-6EB6-4807-86D2-65CD2FE45F4C}
	EndGlobalSection
EndGlobal
